{
  "version": 4,
  "terraform_version": "1.3.1",
  "serial": 93,
  "lineage": "64f50946-00fd-aac0-36a8-16f74fb1dd27",
  "outputs": {},
  "resources": [
    {
      "mode": "data",
      "type": "archive_file",
      "name": "archive-process-purchase-lambda",
      "provider": "provider[\"registry.terraform.io/hashicorp/archive\"]",
      "instances": [
        {
          "schema_version": 0,
          "attributes": {
            "excludes": null,
            "id": "8bf8ae45d83dbc76409040fbb0a326395d08eb50",
            "output_base64sha256": "Gy8TDhqmkc2M/K9nCuvtn6VAv339OIT6B6WMR1IB51o=",
            "output_file_mode": null,
            "output_md5": "f0868b893250bd7a01dc0332a9cf96f8",
            "output_path": "../process-purchase-lambda/archive.zip",
            "output_sha": "8bf8ae45d83dbc76409040fbb0a326395d08eb50",
            "output_size": 437,
            "source": [],
            "source_content": null,
            "source_content_filename": null,
            "source_dir": null,
            "source_file": "../process-purchase-lambda/index.py",
            "type": "zip"
          },
          "sensitive_attributes": []
        }
      ]
    },
    {
      "mode": "data",
      "type": "archive_file",
      "name": "archive-process-refund-lambda",
      "provider": "provider[\"registry.terraform.io/hashicorp/archive\"]",
      "instances": [
        {
          "schema_version": 0,
          "attributes": {
            "excludes": null,
            "id": "8cb293eaaa1e1b73043d446a7843f30d4ac76fba",
            "output_base64sha256": "hlgn9HesVAT/sn6cqGgXh5HvHxm+AkjD+cZNDxDT+QI=",
            "output_file_mode": null,
            "output_md5": "53cd0063f96e748b5ed067697ee908c0",
            "output_path": "../process-refund-lambda/archive.zip",
            "output_sha": "8cb293eaaa1e1b73043d446a7843f30d4ac76fba",
            "output_size": 429,
            "source": [],
            "source_content": null,
            "source_content_filename": null,
            "source_dir": null,
            "source_file": "../process-refund-lambda/index.py",
            "type": "zip"
          },
          "sensitive_attributes": []
        }
      ]
    },
    {
      "mode": "managed",
      "type": "aws_iam_policy",
      "name": "policy_invoke_lambda",
      "provider": "provider[\"registry.terraform.io/hashicorp/aws\"]",
      "instances": [
        {
          "schema_version": 0,
          "attributes": {
            "arn": "arn:aws:iam::671113505501:policy/stepFunctionSampleLambdaFunctionInvocationPolicy",
            "description": "",
            "id": "arn:aws:iam::671113505501:policy/stepFunctionSampleLambdaFunctionInvocationPolicy",
            "name": "stepFunctionSampleLambdaFunctionInvocationPolicy",
            "name_prefix": null,
            "path": "/",
            "policy": "{\"Statement\":[{\"Action\":[\"lambda:InvokeFunction\",\"lambda:InvokeAsync\"],\"Effect\":\"Allow\",\"Resource\":\"*\",\"Sid\":\"VisualEditor0\"}],\"Version\":\"2012-10-17\"}",
            "policy_id": "ANPAZYQL3NLO4QQDF437X",
            "tags": null,
            "tags_all": {}
          },
          "sensitive_attributes": [],
          "private": "bnVsbA=="
        }
      ]
    },
    {
      "mode": "managed",
      "type": "aws_iam_policy",
      "name": "policy_publish_sns",
      "provider": "provider[\"registry.terraform.io/hashicorp/aws\"]",
      "instances": [
        {
          "schema_version": 0,
          "attributes": {
            "arn": "arn:aws:iam::671113505501:policy/stepFunctionSampleSNSInvocationPolicy",
            "description": "",
            "id": "arn:aws:iam::671113505501:policy/stepFunctionSampleSNSInvocationPolicy",
            "name": "stepFunctionSampleSNSInvocationPolicy",
            "name_prefix": null,
            "path": "/",
            "policy": "{\"Statement\":[{\"Action\":[\"sns:Publish\",\"sns:SetSMSAttributes\",\"sns:GetSMSAttributes\"],\"Effect\":\"Allow\",\"Resource\":\"*\",\"Sid\":\"VisualEditor0\"}],\"Version\":\"2012-10-17\"}",
            "policy_id": "ANPAZYQL3NLOY2UNVJ3W6",
            "tags": null,
            "tags_all": {}
          },
          "sensitive_attributes": [],
          "private": "bnVsbA=="
        }
      ]
    },
    {
      "mode": "managed",
      "type": "aws_iam_role",
      "name": "iam_for_lambda",
      "provider": "provider[\"registry.terraform.io/hashicorp/aws\"]",
      "instances": [
        {
          "schema_version": 0,
          "attributes": {
            "arn": "arn:aws:iam::671113505501:role/stepFunctionSampleLambdaIAM",
            "assume_role_policy": "{\"Statement\":[{\"Action\":\"sts:AssumeRole\",\"Effect\":\"Allow\",\"Principal\":{\"Service\":\"lambda.amazonaws.com\"},\"Sid\":\"\"}],\"Version\":\"2012-10-17\"}",
            "create_date": "2022-10-02T12:24:56Z",
            "description": "",
            "force_detach_policies": false,
            "id": "stepFunctionSampleLambdaIAM",
            "inline_policy": [],
            "managed_policy_arns": [],
            "max_session_duration": 3600,
            "name": "stepFunctionSampleLambdaIAM",
            "name_prefix": "",
            "path": "/",
            "permissions_boundary": null,
            "tags": null,
            "tags_all": {},
            "unique_id": "AROAZYQL3NLOZJGK3WBHD"
          },
          "sensitive_attributes": [],
          "private": "bnVsbA=="
        }
      ]
    },
    {
      "mode": "managed",
      "type": "aws_iam_role",
      "name": "iam_for_sfn",
      "provider": "provider[\"registry.terraform.io/hashicorp/aws\"]",
      "instances": [
        {
          "schema_version": 0,
          "attributes": {
            "arn": "arn:aws:iam::671113505501:role/stepFunctionSampleStepFunctionExecutionIAM",
            "assume_role_policy": "{\"Statement\":[{\"Action\":\"sts:AssumeRole\",\"Effect\":\"Allow\",\"Principal\":{\"Service\":\"states.amazonaws.com\"}}],\"Version\":\"2012-10-17\"}",
            "create_date": "2022-10-02T12:24:56Z",
            "description": "",
            "force_detach_policies": false,
            "id": "stepFunctionSampleStepFunctionExecutionIAM",
            "inline_policy": [],
            "managed_policy_arns": [],
            "max_session_duration": 3600,
            "name": "stepFunctionSampleStepFunctionExecutionIAM",
            "name_prefix": "",
            "path": "/",
            "permissions_boundary": null,
            "tags": null,
            "tags_all": {},
            "unique_id": "AROAZYQL3NLOUPXADWA7S"
          },
          "sensitive_attributes": [],
          "private": "bnVsbA=="
        }
      ]
    },
    {
      "mode": "managed",
      "type": "aws_iam_role_policy_attachment",
      "name": "iam_for_sfn_attach_policy_invoke_lambda",
      "provider": "provider[\"registry.terraform.io/hashicorp/aws\"]",
      "instances": [
        {
          "schema_version": 0,
          "attributes": {
            "id": "stepFunctionSampleStepFunctionExecutionIAM-20221002122458608700000001",
            "policy_arn": "arn:aws:iam::671113505501:policy/stepFunctionSampleLambdaFunctionInvocationPolicy",
            "role": "stepFunctionSampleStepFunctionExecutionIAM"
          },
          "sensitive_attributes": [],
          "private": "bnVsbA==",
          "dependencies": [
            "aws_iam_policy.policy_invoke_lambda",
            "aws_iam_role.iam_for_sfn"
          ]
        }
      ]
    },
    {
      "mode": "managed",
      "type": "aws_iam_role_policy_attachment",
      "name": "iam_for_sfn_attach_policy_publish_sns",
      "provider": "provider[\"registry.terraform.io/hashicorp/aws\"]",
      "instances": [
        {
          "schema_version": 0,
          "attributes": {
            "id": "stepFunctionSampleStepFunctionExecutionIAM-20221002122458643800000002",
            "policy_arn": "arn:aws:iam::671113505501:policy/stepFunctionSampleSNSInvocationPolicy",
            "role": "stepFunctionSampleStepFunctionExecutionIAM"
          },
          "sensitive_attributes": [],
          "private": "bnVsbA==",
          "dependencies": [
            "aws_iam_policy.policy_publish_sns",
            "aws_iam_role.iam_for_sfn"
          ]
        }
      ]
    },
    {
      "mode": "managed",
      "type": "aws_lambda_function",
      "name": "process-purchase-lambda",
      "provider": "provider[\"registry.terraform.io/hashicorp/aws\"]",
      "instances": [
        {
          "schema_version": 0,
          "attributes": {
            "architectures": [
              "x86_64"
            ],
            "arn": "arn:aws:lambda:us-east-1:671113505501:function:step-functions-process-purchase",
            "code_signing_config_arn": "",
            "dead_letter_config": [],
            "description": "",
            "environment": [],
            "ephemeral_storage": [
              {
                "size": 512
              }
            ],
            "file_system_config": [],
            "filename": "../process-purchase-lambda/archive.zip",
            "function_name": "step-functions-process-purchase",
            "handler": "index.handler",
            "id": "step-functions-process-purchase",
            "image_config": [],
            "image_uri": "",
            "invoke_arn": "arn:aws:apigateway:us-east-1:lambda:path/2015-03-31/functions/arn:aws:lambda:us-east-1:671113505501:function:step-functions-process-purchase/invocations",
            "kms_key_arn": "",
            "last_modified": "2022-10-02T12:25:14.512+0000",
            "layers": null,
            "memory_size": 128,
            "package_type": "Zip",
            "publish": false,
            "qualified_arn": "arn:aws:lambda:us-east-1:671113505501:function:step-functions-process-purchase:$LATEST",
            "qualified_invoke_arn": "arn:aws:apigateway:us-east-1:lambda:path/2015-03-31/functions/arn:aws:lambda:us-east-1:671113505501:function:step-functions-process-purchase:$LATEST/invocations",
            "reserved_concurrent_executions": -1,
            "role": "arn:aws:iam::671113505501:role/stepFunctionSampleLambdaIAM",
            "runtime": "python3.7",
            "s3_bucket": null,
            "s3_key": null,
            "s3_object_version": null,
            "signing_job_arn": "",
            "signing_profile_version_arn": "",
            "source_code_hash": "Gy8TDhqmkc2M/K9nCuvtn6VAv339OIT6B6WMR1IB51o=",
            "source_code_size": 437,
            "tags": null,
            "tags_all": {},
            "timeout": 3,
            "timeouts": null,
            "tracing_config": [
              {
                "mode": "PassThrough"
              }
            ],
            "version": "$LATEST",
            "vpc_config": []
          },
          "sensitive_attributes": [],
          "private": "eyJlMmJmYjczMC1lY2FhLTExZTYtOGY4OC0zNDM2M2JjN2M0YzAiOnsiY3JlYXRlIjo2MDAwMDAwMDAwMDB9fQ==",
          "dependencies": [
            "aws_iam_role.iam_for_lambda"
          ]
        }
      ]
    },
    {
      "mode": "managed",
      "type": "aws_lambda_function",
      "name": "process-refund-lambda",
      "provider": "provider[\"registry.terraform.io/hashicorp/aws\"]",
      "instances": [
        {
          "schema_version": 0,
          "attributes": {
            "architectures": [
              "x86_64"
            ],
            "arn": "arn:aws:lambda:us-east-1:671113505501:function:step-functions-process-refund",
            "code_signing_config_arn": "",
            "dead_letter_config": [],
            "description": "",
            "environment": [],
            "ephemeral_storage": [
              {
                "size": 512
              }
            ],
            "file_system_config": [],
            "filename": "../process-refund-lambda/archive.zip",
            "function_name": "step-functions-process-refund",
            "handler": "index.handler",
            "id": "step-functions-process-refund",
            "image_config": [],
            "image_uri": "",
            "invoke_arn": "arn:aws:apigateway:us-east-1:lambda:path/2015-03-31/functions/arn:aws:lambda:us-east-1:671113505501:function:step-functions-process-refund/invocations",
            "kms_key_arn": "",
            "last_modified": "2022-10-02T12:25:08.043+0000",
            "layers": null,
            "memory_size": 128,
            "package_type": "Zip",
            "publish": false,
            "qualified_arn": "arn:aws:lambda:us-east-1:671113505501:function:step-functions-process-refund:$LATEST",
            "qualified_invoke_arn": "arn:aws:apigateway:us-east-1:lambda:path/2015-03-31/functions/arn:aws:lambda:us-east-1:671113505501:function:step-functions-process-refund:$LATEST/invocations",
            "reserved_concurrent_executions": -1,
            "role": "arn:aws:iam::671113505501:role/stepFunctionSampleLambdaIAM",
            "runtime": "python3.7",
            "s3_bucket": null,
            "s3_key": null,
            "s3_object_version": null,
            "signing_job_arn": "",
            "signing_profile_version_arn": "",
            "source_code_hash": "hlgn9HesVAT/sn6cqGgXh5HvHxm+AkjD+cZNDxDT+QI=",
            "source_code_size": 429,
            "tags": null,
            "tags_all": {},
            "timeout": 3,
            "timeouts": null,
            "tracing_config": [
              {
                "mode": "PassThrough"
              }
            ],
            "version": "$LATEST",
            "vpc_config": []
          },
          "sensitive_attributes": [],
          "private": "eyJlMmJmYjczMC1lY2FhLTExZTYtOGY4OC0zNDM2M2JjN2M0YzAiOnsiY3JlYXRlIjo2MDAwMDAwMDAwMDB9fQ==",
          "dependencies": [
            "aws_iam_role.iam_for_lambda"
          ]
        }
      ]
    },
    {
      "mode": "managed",
      "type": "aws_sfn_state_machine",
      "name": "sfn_state_machine",
      "provider": "provider[\"registry.terraform.io/hashicorp/aws\"]",
      "instances": [
        {
          "schema_version": 0,
          "attributes": {
            "arn": "arn:aws:states:us-east-1:671113505501:stateMachine:Cecure-intelligence-state-machine",
            "creation_date": "2022-10-02T12:25:26Z",
            "definition": "\n{\n  \"Comment\": \"A simple AWS Step Functions state machine that automates a call center support session.\",\n  \"StartAt\": \"ProcessTransaction\",\n  \"States\": {\n    \"ProcessTransaction\": {\n        \"Type\" : \"Choice\",\n        \"Choices\": [ \n          {\n            \"Variable\": \"$.TransactionType\",\n            \"StringEquals\": \"PURCHASE\",\n            \"Next\": \"ProcessPurchase\"\n          },\n          {\n            \"Variable\": \"$.TransactionType\",\n            \"StringEquals\": \"REFUND\",\n            \"Next\": \"ProcessRefund\"\n          }\n      ]\n    },\n     \"ProcessRefund\": {\n      \"Type\": \"Task\",\n      \"Resource\": \"arn:aws:lambda:us-east-1:671113505501:function:step-functions-process-refund\",\n      \"End\": true\n    },\n    \"ProcessPurchase\": {\n      \"Type\": \"Task\",\n      \"Resource\": \"arn:aws:lambda:us-east-1:671113505501:function:step-functions-process-purchase\",\n      \"End\": true\n    }\n  }\n}\n\n",
            "id": "arn:aws:states:us-east-1:671113505501:stateMachine:Cecure-intelligence-state-machine",
            "logging_configuration": [
              {
                "include_execution_data": false,
                "level": "OFF",
                "log_destination": ""
              }
            ],
            "name": "Cecure-intelligence-state-machine",
            "role_arn": "arn:aws:iam::671113505501:role/stepFunctionSampleStepFunctionExecutionIAM",
            "status": "ACTIVE",
            "tags": null,
            "tags_all": {},
            "tracing_configuration": [
              {
                "enabled": false
              }
            ],
            "type": "STANDARD"
          },
          "sensitive_attributes": [],
          "private": "bnVsbA==",
          "dependencies": [
            "aws_iam_role.iam_for_lambda",
            "aws_iam_role.iam_for_sfn",
            "aws_lambda_function.process-purchase-lambda",
            "aws_lambda_function.process-refund-lambda"
          ]
        }
      ]
    }
  ],
  "check_results": []
}
